PODS:
  - CoreArchitekkt (0.1.11)
  - SwiftArchitekkt (0.1.6):
    - CoreArchitekkt

DEPENDENCIES:
  - SwiftArchitekkt (from `../`)

SPEC REPOS:
  https://github.com/Lausbert/PodSpecsArchitekkt:
    - CoreArchitekkt

EXTERNAL SOURCES:
  SwiftArchitekkt:
    :path: "../"

SPEC CHECKSUMS:
  CoreArchitekkt: 90472cf8b41e3c2fce59ac36a61131ed83c253f1
  SwiftArchitekkt: 733442a748c13a9e44229a685560bf75cf2986ce

PODFILE CHECKSUM: 74d8dcc5fe77d383a43dbb943c39af0fd343deff

COCOAPODS: 1.6.1
