PODS:
  - CoreArchitekkt (0.1.3)
  - SwiftArchitekkt (0.1.2):
    - CoreArchitekkt

DEPENDENCIES:
  - SwiftArchitekkt (from `../`)

SPEC REPOS:
  https://github.com/Lausbert/PodSpecsArchitekkt:
    - CoreArchitekkt

EXTERNAL SOURCES:
  SwiftArchitekkt:
    :path: "../"

SPEC CHECKSUMS:
  CoreArchitekkt: 866716c980dce8939d8a010696353a5332c0955a
  SwiftArchitekkt: fc6fb1fa7ed6a0907a370a52913e52f44b64cddb

PODFILE CHECKSUM: 74d8dcc5fe77d383a43dbb943c39af0fd343deff

COCOAPODS: 1.6.1
