PODS:
  - CoreArchitekkt (0.1.29)
  - SwiftArchitekkt (0.1.27):
    - CoreArchitekkt

DEPENDENCIES:
  - SwiftArchitekkt (from `../`)

SPEC REPOS:
  https://github.com/Lausbert/PodSpecsArchitekkt:
    - CoreArchitekkt

EXTERNAL SOURCES:
  SwiftArchitekkt:
    :path: "../"

SPEC CHECKSUMS:
  CoreArchitekkt: 833a74cf87dc01ac81619576348bc954a8365f7a
  SwiftArchitekkt: 48b6d64493ac879cfff255ec11900983f07c01ca

PODFILE CHECKSUM: 74d8dcc5fe77d383a43dbb943c39af0fd343deff

COCOAPODS: 1.6.1
