{
  "object": {
    "pins": [
      {
        "package": "CoreArchitekkt",
        "repositoryURL": "https://github.com/Lausbert/CoreArchitekkt",
        "state": {
          "branch": null,
          "revision": "620cd1738c1d75a64bc219088ae006e2f9b1e343",
          "version": "0.2.1"
        }
      }
    ]
  },
  "version": 1
}
