{
  "object": {
    "pins": [
      {
        "package": "CoreArchitekkt",
        "repositoryURL": "https://github.com/Lausbert/CoreArchitekkt",
        "state": {
          "branch": null,
          "revision": "bd2f588c27853f8aa1b6738ccd9404d882ec0361",
          "version": "0.2.0"
        }
      }
    ]
  },
  "version": 1
}
