// !$*UTF8*$!
{
	archiveVersion = 1;
	classes = {
	};
	objectVersion = 48;
	objects = {

/* Begin PBXBuildFile section */
		5D800AF422143A9300600D5B /* UtilityFunctions.swift in Sources */ = {isa = PBXBuildFile; fileRef = 5D800AC722143A9300600D5B /* UtilityFunctions.swift */; };
		5D800AF522143A9300600D5B /* Schemes.swift in Sources */ = {isa = PBXBuildFile; fileRef = 5D800AC922143A9300600D5B /* Schemes.swift */; };
		5D800AF622143A9300600D5B /* FileExtensions.swift in Sources */ = {isa = PBXBuildFile; fileRef = 5D800ACA22143A9300600D5B /* FileExtensions.swift */; };
		5D800AF722143A9300600D5B /* AST.swift in Sources */ = {isa = PBXBuildFile; fileRef = 5D800ACB22143A9300600D5B /* AST.swift */; };
		5D800AF822143A9300600D5B /* Targets.swift in Sources */ = {isa = PBXBuildFile; fileRef = 5D800ACC22143A9300600D5B /* Targets.swift */; };
		5D800AF922143A9300600D5B /* CompileCommands.swift in Sources */ = {isa = PBXBuildFile; fileRef = 5D800ACD22143A9300600D5B /* CompileCommands.swift */; };
		5D800AFA22143A9300600D5B /* Graph.swift in Sources */ = {isa = PBXBuildFile; fileRef = 5D800ACE22143A9300600D5B /* Graph.swift */; };
		5D800AFB22143A9300600D5B /* IntegrationTests.swift in Sources */ = {isa = PBXBuildFile; fileRef = 5D800ACF22143A9300600D5B /* IntegrationTests.swift */; };
		5D8BDF552246488700177CF0 /* GraphBuilderTests.swift in Sources */ = {isa = PBXBuildFile; fileRef = 5D8BDF542246488700177CF0 /* GraphBuilderTests.swift */; };
		5DB2CEF322491861005B9445 /* Class.swift in Sources */ = {isa = PBXBuildFile; fileRef = 5DB2CEF222491861005B9445 /* Class.swift */; };
		5DB2CEF52249188F005B9445 /* Struct.swift in Sources */ = {isa = PBXBuildFile; fileRef = 5DB2CEF42249188F005B9445 /* Struct.swift */; };
		5DB2CEF722491BD8005B9445 /* Enum.swift in Sources */ = {isa = PBXBuildFile; fileRef = 5DB2CEF622491BD8005B9445 /* Enum.swift */; };
		5DB2CEF922491BF7005B9445 /* Protocol.swift in Sources */ = {isa = PBXBuildFile; fileRef = 5DB2CEF822491BF7005B9445 /* Protocol.swift */; };
		5DB2CEFB22491C43005B9445 /* Function.swift in Sources */ = {isa = PBXBuildFile; fileRef = 5DB2CEFA22491C43005B9445 /* Function.swift */; };
		5DB2CEFD22491C75005B9445 /* Variable.swift in Sources */ = {isa = PBXBuildFile; fileRef = 5DB2CEFC22491C75005B9445 /* Variable.swift */; };
		F89B317D1B6622D4E24A723D /* Pods_SwiftArchitekkt_Tests.framework in Frameworks */ = {isa = PBXBuildFile; fileRef = 8B7F04948C5190A4047861E3 /* Pods_SwiftArchitekkt_Tests.framework */; };
/* End PBXBuildFile section */

/* Begin PBXFileReference section */
		3AAFA0ECE7E624E5226A22ED /* SwiftArchitekkt.podspec */ = {isa = PBXFileReference; includeInIndex = 1; lastKnownFileType = text; name = SwiftArchitekkt.podspec; path = ../SwiftArchitekkt.podspec; sourceTree = "<group>"; xcLanguageSpecificationIdentifier = xcode.lang.ruby; };
		5507DA78442D810E834C3116 /* README.md */ = {isa = PBXFileReference; includeInIndex = 1; lastKnownFileType = net.daringfireball.markdown; name = README.md; path = ../README.md; sourceTree = "<group>"; };
		5D800AC722143A9300600D5B /* UtilityFunctions.swift */ = {isa = PBXFileReference; fileEncoding = 4; lastKnownFileType = sourcecode.swift; path = UtilityFunctions.swift; sourceTree = "<group>"; };
		5D800AC922143A9300600D5B /* Schemes.swift */ = {isa = PBXFileReference; fileEncoding = 4; lastKnownFileType = sourcecode.swift; path = Schemes.swift; sourceTree = "<group>"; };
		5D800ACA22143A9300600D5B /* FileExtensions.swift */ = {isa = PBXFileReference; fileEncoding = 4; lastKnownFileType = sourcecode.swift; path = FileExtensions.swift; sourceTree = "<group>"; };
		5D800ACB22143A9300600D5B /* AST.swift */ = {isa = PBXFileReference; fileEncoding = 4; lastKnownFileType = sourcecode.swift; path = AST.swift; sourceTree = "<group>"; };
		5D800ACC22143A9300600D5B /* Targets.swift */ = {isa = PBXFileReference; fileEncoding = 4; lastKnownFileType = sourcecode.swift; path = Targets.swift; sourceTree = "<group>"; };
		5D800ACD22143A9300600D5B /* CompileCommands.swift */ = {isa = PBXFileReference; fileEncoding = 4; lastKnownFileType = sourcecode.swift; path = CompileCommands.swift; sourceTree = "<group>"; };
		5D800ACE22143A9300600D5B /* Graph.swift */ = {isa = PBXFileReference; fileEncoding = 4; lastKnownFileType = sourcecode.swift; path = Graph.swift; sourceTree = "<group>"; };
		5D800ACF22143A9300600D5B /* IntegrationTests.swift */ = {isa = PBXFileReference; fileEncoding = 4; lastKnownFileType = sourcecode.swift; path = IntegrationTests.swift; sourceTree = "<group>"; };
		5D8BDF542246488700177CF0 /* GraphBuilderTests.swift */ = {isa = PBXFileReference; lastKnownFileType = sourcecode.swift; path = GraphBuilderTests.swift; sourceTree = "<group>"; };
		5DB2CEF222491861005B9445 /* Class.swift */ = {isa = PBXFileReference; lastKnownFileType = sourcecode.swift; path = Class.swift; sourceTree = "<group>"; };
		5DB2CEF42249188F005B9445 /* Struct.swift */ = {isa = PBXFileReference; lastKnownFileType = sourcecode.swift; path = Struct.swift; sourceTree = "<group>"; };
		5DB2CEF622491BD8005B9445 /* Enum.swift */ = {isa = PBXFileReference; lastKnownFileType = sourcecode.swift; path = Enum.swift; sourceTree = "<group>"; };
		5DB2CEF822491BF7005B9445 /* Protocol.swift */ = {isa = PBXFileReference; lastKnownFileType = sourcecode.swift; path = Protocol.swift; sourceTree = "<group>"; };
		5DB2CEFA22491C43005B9445 /* Function.swift */ = {isa = PBXFileReference; lastKnownFileType = sourcecode.swift; path = Function.swift; sourceTree = "<group>"; };
		5DB2CEFC22491C75005B9445 /* Variable.swift */ = {isa = PBXFileReference; lastKnownFileType = sourcecode.swift; path = Variable.swift; sourceTree = "<group>"; };
		6E329DF2802B567D7A38D1A7 /* Pods-SwiftArchitekkt_Tests.debug.xcconfig */ = {isa = PBXFileReference; includeInIndex = 1; lastKnownFileType = text.xcconfig; name = "Pods-SwiftArchitekkt_Tests.debug.xcconfig"; path = "Target Support Files/Pods-SwiftArchitekkt_Tests/Pods-SwiftArchitekkt_Tests.debug.xcconfig"; sourceTree = "<group>"; };
		887A1D0711F4671AAF29AD60 /* Pods-SwiftArchitekkt_Tests.release.xcconfig */ = {isa = PBXFileReference; includeInIndex = 1; lastKnownFileType = text.xcconfig; name = "Pods-SwiftArchitekkt_Tests.release.xcconfig"; path = "Target Support Files/Pods-SwiftArchitekkt_Tests/Pods-SwiftArchitekkt_Tests.release.xcconfig"; sourceTree = "<group>"; };
		8B7F04948C5190A4047861E3 /* Pods_SwiftArchitekkt_Tests.framework */ = {isa = PBXFileReference; explicitFileType = wrapper.framework; includeInIndex = 0; path = Pods_SwiftArchitekkt_Tests.framework; sourceTree = BUILT_PRODUCTS_DIR; };
		ED83F68A20348A760038D96B /* SwiftArchitekkt_Tests.xctest */ = {isa = PBXFileReference; explicitFileType = wrapper.cfbundle; includeInIndex = 0; path = SwiftArchitekkt_Tests.xctest; sourceTree = BUILT_PRODUCTS_DIR; };
		ED83F69020348A760038D96B /* Info.plist */ = {isa = PBXFileReference; lastKnownFileType = text.plist.xml; path = Info.plist; sourceTree = "<group>"; };
/* End PBXFileReference section */

/* Begin PBXFrameworksBuildPhase section */
		ED83F68720348A760038D96B /* Frameworks */ = {
			isa = PBXFrameworksBuildPhase;
			buildActionMask = 2147483647;
			files = (
				F89B317D1B6622D4E24A723D /* Pods_SwiftArchitekkt_Tests.framework in Frameworks */,
			);
			runOnlyForDeploymentPostprocessing = 0;
		};
/* End PBXFrameworksBuildPhase section */

/* Begin PBXGroup section */
		5D800AC822143A9300600D5B /* IntegrationTests */ = {
			isa = PBXGroup;
			children = (
				5D800ACF22143A9300600D5B /* IntegrationTests.swift */,
				5D800ACA22143A9300600D5B /* FileExtensions.swift */,
				5D800AC922143A9300600D5B /* Schemes.swift */,
				5D800ACC22143A9300600D5B /* Targets.swift */,
				5D800ACD22143A9300600D5B /* CompileCommands.swift */,
				5D800ACB22143A9300600D5B /* AST.swift */,
				5D800ACE22143A9300600D5B /* Graph.swift */,
			);
			path = IntegrationTests;
			sourceTree = "<group>";
		};
		5D8BDF51224647F700177CF0 /* GraphBuilderTests */ = {
			isa = PBXGroup;
			children = (
				5D8BDF542246488700177CF0 /* GraphBuilderTests.swift */,
				5DB2CEF222491861005B9445 /* Class.swift */,
				5DB2CEF42249188F005B9445 /* Struct.swift */,
				5DB2CEF622491BD8005B9445 /* Enum.swift */,
				5DB2CEF822491BF7005B9445 /* Protocol.swift */,
				5DB2CEFA22491C43005B9445 /* Function.swift */,
				5DB2CEFC22491C75005B9445 /* Variable.swift */,
			);
			path = GraphBuilderTests;
			sourceTree = "<group>";
		};
		B4F5EB76A10E122526B89FB3 /* Pods */ = {
			isa = PBXGroup;
			children = (
				6E329DF2802B567D7A38D1A7 /* Pods-SwiftArchitekkt_Tests.debug.xcconfig */,
				887A1D0711F4671AAF29AD60 /* Pods-SwiftArchitekkt_Tests.release.xcconfig */,
			);
			path = Pods;
			sourceTree = "<group>";
		};
		E5D4637F13CCBDF9363400D8 /* Frameworks */ = {
			isa = PBXGroup;
			children = (
				8B7F04948C5190A4047861E3 /* Pods_SwiftArchitekkt_Tests.framework */,
			);
			name = Frameworks;
			sourceTree = "<group>";
		};
		ED83F66F20348A760038D96B = {
			isa = PBXGroup;
			children = (
				ED83F69A20348B650038D96B /* Podspec Metadata */,
				ED83F68D20348A760038D96B /* Tests */,
				ED83F67920348A760038D96B /* Products */,
				B4F5EB76A10E122526B89FB3 /* Pods */,
				E5D4637F13CCBDF9363400D8 /* Frameworks */,
			);
			sourceTree = "<group>";
		};
		ED83F67920348A760038D96B /* Products */ = {
			isa = PBXGroup;
			children = (
				ED83F68A20348A760038D96B /* SwiftArchitekkt_Tests.xctest */,
			);
			name = Products;
			sourceTree = "<group>";
		};
		ED83F68D20348A760038D96B /* Tests */ = {
			isa = PBXGroup;
			children = (
				5D8BDF51224647F700177CF0 /* GraphBuilderTests */,
				5D800AC822143A9300600D5B /* IntegrationTests */,
				5D800AC722143A9300600D5B /* UtilityFunctions.swift */,
				ED83F69020348A760038D96B /* Info.plist */,
			);
			path = Tests;
			sourceTree = "<group>";
		};
		ED83F69A20348B650038D96B /* Podspec Metadata */ = {
			isa = PBXGroup;
			children = (
				3AAFA0ECE7E624E5226A22ED /* SwiftArchitekkt.podspec */,
				5507DA78442D810E834C3116 /* README.md */,
			);
			name = "Podspec Metadata";
			sourceTree = "<group>";
		};
/* End PBXGroup section */

/* Begin PBXNativeTarget section */
		ED83F68920348A760038D96B /* SwiftArchitekkt_Tests */ = {
			isa = PBXNativeTarget;
			buildConfigurationList = ED83F69620348A760038D96B /* Build configuration list for PBXNativeTarget "SwiftArchitekkt_Tests" */;
			buildPhases = (
				BD6A909B89A319F6F82BE6F2 /* [CP] Check Pods Manifest.lock */,
				ED83F68620348A760038D96B /* Sources */,
				ED83F68720348A760038D96B /* Frameworks */,
				ED83F68820348A760038D96B /* Resources */,
				47B9237007D2BB497CF2C330 /* [CP] Embed Pods Frameworks */,
			);
			buildRules = (
			);
			dependencies = (
			);
			name = SwiftArchitekkt_Tests;
			productName = SwiftArchitekktTests;
			productReference = ED83F68A20348A760038D96B /* SwiftArchitekkt_Tests.xctest */;
			productType = "com.apple.product-type.bundle.unit-test";
		};
/* End PBXNativeTarget section */

/* Begin PBXProject section */
		ED83F67020348A760038D96B /* Project object */ = {
			isa = PBXProject;
			attributes = {
				LastSwiftUpdateCheck = 0900;
				LastUpgradeCheck = 1020;
				ORGANIZATIONNAME = CocoaPods;
				TargetAttributes = {
					ED83F68920348A760038D96B = {
						CreatedOnToolsVersion = 9.0;
						ProvisioningStyle = Automatic;
						TestTargetID = ED83F67720348A760038D96B;
					};
				};
			};
			buildConfigurationList = ED83F67320348A760038D96B /* Build configuration list for PBXProject "SwiftArchitekkt" */;
			compatibilityVersion = "Xcode 8.0";
			developmentRegion = en;
			hasScannedForEncodings = 0;
			knownRegions = (
				en,
				Base,
			);
			mainGroup = ED83F66F20348A760038D96B;
			productRefGroup = ED83F67920348A760038D96B /* Products */;
			projectDirPath = "";
			projectRoot = "";
			targets = (
				ED83F68920348A760038D96B /* SwiftArchitekkt_Tests */,
			);
		};
/* End PBXProject section */

/* Begin PBXResourcesBuildPhase section */
		ED83F68820348A760038D96B /* Resources */ = {
			isa = PBXResourcesBuildPhase;
			buildActionMask = 2147483647;
			files = (
			);
			runOnlyForDeploymentPostprocessing = 0;
		};
/* End PBXResourcesBuildPhase section */

/* Begin PBXShellScriptBuildPhase section */
		47B9237007D2BB497CF2C330 /* [CP] Embed Pods Frameworks */ = {
			isa = PBXShellScriptBuildPhase;
			buildActionMask = 2147483647;
			files = (
			);
			inputFileListPaths = (
			);
			inputPaths = (
				"${PODS_ROOT}/Target Support Files/Pods-SwiftArchitekkt_Tests/Pods-SwiftArchitekkt_Tests-frameworks.sh",
				"${BUILT_PRODUCTS_DIR}/CoreArchitekkt/CoreArchitekkt.framework",
				"${BUILT_PRODUCTS_DIR}/SwiftArchitekkt/SwiftArchitekkt.framework",
			);
			name = "[CP] Embed Pods Frameworks";
			outputFileListPaths = (
			);
			outputPaths = (
				"${TARGET_BUILD_DIR}/${FRAMEWORKS_FOLDER_PATH}/CoreArchitekkt.framework",
				"${TARGET_BUILD_DIR}/${FRAMEWORKS_FOLDER_PATH}/SwiftArchitekkt.framework",
			);
			runOnlyForDeploymentPostprocessing = 0;
			shellPath = /bin/sh;
			shellScript = "\"${PODS_ROOT}/Target Support Files/Pods-SwiftArchitekkt_Tests/Pods-SwiftArchitekkt_Tests-frameworks.sh\"\n";
			showEnvVarsInLog = 0;
		};
		BD6A909B89A319F6F82BE6F2 /* [CP] Check Pods Manifest.lock */ = {
			isa = PBXShellScriptBuildPhase;
			buildActionMask = 2147483647;
			files = (
			);
			inputFileListPaths = (
			);
			inputPaths = (
				"${PODS_PODFILE_DIR_PATH}/Podfile.lock",
				"${PODS_ROOT}/Manifest.lock",
			);
			name = "[CP] Check Pods Manifest.lock";
			outputFileListPaths = (
			);
			outputPaths = (
				"$(DERIVED_FILE_DIR)/Pods-SwiftArchitekkt_Tests-checkManifestLockResult.txt",
			);
			runOnlyForDeploymentPostprocessing = 0;
			shellPath = /bin/sh;
			shellScript = "diff \"${PODS_PODFILE_DIR_PATH}/Podfile.lock\" \"${PODS_ROOT}/Manifest.lock\" > /dev/null\nif [ $? != 0 ] ; then\n    # print error to STDERR\n    echo \"error: The sandbox is not in sync with the Podfile.lock. Run 'pod install' or update your CocoaPods installation.\" >&2\n    exit 1\nfi\n# This output is used by Xcode 'outputs' to avoid re-running this script phase.\necho \"SUCCESS\" > \"${SCRIPT_OUTPUT_FILE_0}\"\n";
			showEnvVarsInLog = 0;
		};
/* End PBXShellScriptBuildPhase section */

/* Begin PBXSourcesBuildPhase section */
		ED83F68620348A760038D96B /* Sources */ = {
			isa = PBXSourcesBuildPhase;
			buildActionMask = 2147483647;
			files = (
				5DB2CEF52249188F005B9445 /* Struct.swift in Sources */,
				5D800AF622143A9300600D5B /* FileExtensions.swift in Sources */,
				5DB2CEF322491861005B9445 /* Class.swift in Sources */,
				5DB2CEF922491BF7005B9445 /* Protocol.swift in Sources */,
				5D800AF422143A9300600D5B /* UtilityFunctions.swift in Sources */,
				5D800AF822143A9300600D5B /* Targets.swift in Sources */,
				5D800AFA22143A9300600D5B /* Graph.swift in Sources */,
				5DB2CEF722491BD8005B9445 /* Enum.swift in Sources */,
				5DB2CEFB22491C43005B9445 /* Function.swift in Sources */,
				5D800AF722143A9300600D5B /* AST.swift in Sources */,
				5D8BDF552246488700177CF0 /* GraphBuilderTests.swift in Sources */,
				5D800AF922143A9300600D5B /* CompileCommands.swift in Sources */,
				5D800AF522143A9300600D5B /* Schemes.swift in Sources */,
				5D800AFB22143A9300600D5B /* IntegrationTests.swift in Sources */,
				5DB2CEFD22491C75005B9445 /* Variable.swift in Sources */,
			);
			runOnlyForDeploymentPostprocessing = 0;
		};
/* End PBXSourcesBuildPhase section */

/* Begin XCBuildConfiguration section */
		ED83F69120348A760038D96B /* Debug */ = {
			isa = XCBuildConfiguration;
			buildSettings = {
				ALWAYS_SEARCH_USER_PATHS = NO;
				CLANG_ANALYZER_NONNULL = YES;
				CLANG_ANALYZER_NUMBER_OBJECT_CONVERSION = YES_AGGRESSIVE;
				CLANG_CXX_LANGUAGE_STANDARD = "gnu++14";
				CLANG_CXX_LIBRARY = "libc++";
				CLANG_ENABLE_MODULES = YES;
				CLANG_ENABLE_OBJC_ARC = YES;
				CLANG_WARN_BLOCK_CAPTURE_AUTORELEASING = YES;
				CLANG_WARN_BOOL_CONVERSION = YES;
				CLANG_WARN_COMMA = YES;
				CLANG_WARN_CONSTANT_CONVERSION = YES;
				CLANG_WARN_DEPRECATED_OBJC_IMPLEMENTATIONS = YES;
				CLANG_WARN_DIRECT_OBJC_ISA_USAGE = YES_ERROR;
				CLANG_WARN_DOCUMENTATION_COMMENTS = YES;
				CLANG_WARN_EMPTY_BODY = YES;
				CLANG_WARN_ENUM_CONVERSION = YES;
				CLANG_WARN_INFINITE_RECURSION = YES;
				CLANG_WARN_INT_CONVERSION = YES;
				CLANG_WARN_NON_LITERAL_NULL_CONVERSION = YES;
				CLANG_WARN_OBJC_IMPLICIT_RETAIN_SELF = YES;
				CLANG_WARN_OBJC_LITERAL_CONVERSION = YES;
				CLANG_WARN_OBJC_ROOT_CLASS = YES_ERROR;
				CLANG_WARN_RANGE_LOOP_ANALYSIS = YES;
				CLANG_WARN_STRICT_PROTOTYPES = YES;
				CLANG_WARN_SUSPICIOUS_MOVE = YES;
				CLANG_WARN_UNGUARDED_AVAILABILITY = YES_AGGRESSIVE;
				CLANG_WARN_UNREACHABLE_CODE = YES;
				CLANG_WARN__DUPLICATE_METHOD_MATCH = YES;
				CODE_SIGN_IDENTITY = "-";
				COPY_PHASE_STRIP = NO;
				DEBUG_INFORMATION_FORMAT = dwarf;
				ENABLE_STRICT_OBJC_MSGSEND = YES;
				ENABLE_TESTABILITY = YES;
				GCC_C_LANGUAGE_STANDARD = gnu11;
				GCC_DYNAMIC_NO_PIC = NO;
				GCC_NO_COMMON_BLOCKS = YES;
				GCC_OPTIMIZATION_LEVEL = 0;
				GCC_PREPROCESSOR_DEFINITIONS = (
					"DEBUG=1",
					"$(inherited)",
				);
				GCC_WARN_64_TO_32_BIT_CONVERSION = YES;
				GCC_WARN_ABOUT_RETURN_TYPE = YES_ERROR;
				GCC_WARN_UNDECLARED_SELECTOR = YES;
				GCC_WARN_UNINITIALIZED_AUTOS = YES_AGGRESSIVE;
				GCC_WARN_UNUSED_FUNCTION = YES;
				GCC_WARN_UNUSED_VARIABLE = YES;
				MACOSX_DEPLOYMENT_TARGET = 10.14;
				MTL_ENABLE_DEBUG_INFO = YES;
				ONLY_ACTIVE_ARCH = YES;
				SDKROOT = macosx;
				SWIFT_ACTIVE_COMPILATION_CONDITIONS = DEBUG;
				SWIFT_OPTIMIZATION_LEVEL = "-Onone";
				SWIFT_VERSION = 5.0;
			};
			name = Debug;
		};
		ED83F69220348A760038D96B /* Release */ = {
			isa = XCBuildConfiguration;
			buildSettings = {
				ALWAYS_SEARCH_USER_PATHS = NO;
				CLANG_ANALYZER_NONNULL = YES;
				CLANG_ANALYZER_NUMBER_OBJECT_CONVERSION = YES_AGGRESSIVE;
				CLANG_CXX_LANGUAGE_STANDARD = "gnu++14";
				CLANG_CXX_LIBRARY = "libc++";
				CLANG_ENABLE_MODULES = YES;
				CLANG_ENABLE_OBJC_ARC = YES;
				CLANG_WARN_BLOCK_CAPTURE_AUTORELEASING = YES;
				CLANG_WARN_BOOL_CONVERSION = YES;
				CLANG_WARN_COMMA = YES;
				CLANG_WARN_CONSTANT_CONVERSION = YES;
				CLANG_WARN_DEPRECATED_OBJC_IMPLEMENTATIONS = YES;
				CLANG_WARN_DIRECT_OBJC_ISA_USAGE = YES_ERROR;
				CLANG_WARN_DOCUMENTATION_COMMENTS = YES;
				CLANG_WARN_EMPTY_BODY = YES;
				CLANG_WARN_ENUM_CONVERSION = YES;
				CLANG_WARN_INFINITE_RECURSION = YES;
				CLANG_WARN_INT_CONVERSION = YES;
				CLANG_WARN_NON_LITERAL_NULL_CONVERSION = YES;
				CLANG_WARN_OBJC_IMPLICIT_RETAIN_SELF = YES;
				CLANG_WARN_OBJC_LITERAL_CONVERSION = YES;
				CLANG_WARN_OBJC_ROOT_CLASS = YES_ERROR;
				CLANG_WARN_RANGE_LOOP_ANALYSIS = YES;
				CLANG_WARN_STRICT_PROTOTYPES = YES;
				CLANG_WARN_SUSPICIOUS_MOVE = YES;
				CLANG_WARN_UNGUARDED_AVAILABILITY = YES_AGGRESSIVE;
				CLANG_WARN_UNREACHABLE_CODE = YES;
				CLANG_WARN__DUPLICATE_METHOD_MATCH = YES;
				CODE_SIGN_IDENTITY = "-";
				COPY_PHASE_STRIP = NO;
				DEBUG_INFORMATION_FORMAT = "dwarf-with-dsym";
				ENABLE_NS_ASSERTIONS = NO;
				ENABLE_STRICT_OBJC_MSGSEND = YES;
				GCC_C_LANGUAGE_STANDARD = gnu11;
				GCC_NO_COMMON_BLOCKS = YES;
				GCC_WARN_64_TO_32_BIT_CONVERSION = YES;
				GCC_WARN_ABOUT_RETURN_TYPE = YES_ERROR;
				GCC_WARN_UNDECLARED_SELECTOR = YES;
				GCC_WARN_UNINITIALIZED_AUTOS = YES_AGGRESSIVE;
				GCC_WARN_UNUSED_FUNCTION = YES;
				GCC_WARN_UNUSED_VARIABLE = YES;
				MACOSX_DEPLOYMENT_TARGET = 10.14;
				MTL_ENABLE_DEBUG_INFO = NO;
				SDKROOT = macosx;
				SWIFT_OPTIMIZATION_LEVEL = "-Owholemodule";
				SWIFT_VERSION = 5.0;
			};
			name = Release;
		};
		ED83F69720348A760038D96B /* Debug */ = {
			isa = XCBuildConfiguration;
			baseConfigurationReference = 6E329DF2802B567D7A38D1A7 /* Pods-SwiftArchitekkt_Tests.debug.xcconfig */;
			buildSettings = {
				CODE_SIGN_STYLE = Automatic;
				COMBINE_HIDPI_IMAGES = YES;
				INFOPLIST_FILE = Tests/Info.plist;
				LD_RUNPATH_SEARCH_PATHS = "$(inherited) @executable_path/../Frameworks @loader_path/../Frameworks";
				PRODUCT_BUNDLE_IDENTIFIER = "org.cocoapods.demo.SwiftArchitekkt-Tests";
				PRODUCT_NAME = "$(TARGET_NAME)";
				TEST_HOST = "";
			};
			name = Debug;
		};
		ED83F69820348A760038D96B /* Release */ = {
			isa = XCBuildConfiguration;
			baseConfigurationReference = 887A1D0711F4671AAF29AD60 /* Pods-SwiftArchitekkt_Tests.release.xcconfig */;
			buildSettings = {
				CODE_SIGN_STYLE = Automatic;
				COMBINE_HIDPI_IMAGES = YES;
				INFOPLIST_FILE = Tests/Info.plist;
				LD_RUNPATH_SEARCH_PATHS = "$(inherited) @executable_path/../Frameworks @loader_path/../Frameworks";
				PRODUCT_BUNDLE_IDENTIFIER = "org.cocoapods.demo.SwiftArchitekkt-Tests";
				PRODUCT_NAME = "$(TARGET_NAME)";
				TEST_HOST = "";
			};
			name = Release;
		};
/* End XCBuildConfiguration section */

/* Begin XCConfigurationList section */
		ED83F67320348A760038D96B /* Build configuration list for PBXProject "SwiftArchitekkt" */ = {
			isa = XCConfigurationList;
			buildConfigurations = (
				ED83F69120348A760038D96B /* Debug */,
				ED83F69220348A760038D96B /* Release */,
			);
			defaultConfigurationIsVisible = 0;
			defaultConfigurationName = Release;
		};
		ED83F69620348A760038D96B /* Build configuration list for PBXNativeTarget "SwiftArchitekkt_Tests" */ = {
			isa = XCConfigurationList;
			buildConfigurations = (
				ED83F69720348A760038D96B /* Debug */,
				ED83F69820348A760038D96B /* Release */,
			);
			defaultConfigurationIsVisible = 0;
			defaultConfigurationName = Release;
		};
/* End XCConfigurationList section */
	};
	rootObject = ED83F67020348A760038D96B /* Project object */;
}
